
Microsoft Visual Studio Solution File, Format Version 12.00
# Visual Studio Version 17
VisualStudioVersion = 17.12.35506.116 d17.12
MinimumVisualStudioVersion = 10.0.40219.1
Project("{FAE04EC0-301F-11D3-BF4B-00C04F79EFBC}") = "method_submissionAssignment", "method_submissionAssignment\method_submissionAssignment.csproj", "{5B65F309-4137-4603-8012-80324CA58EFB}"
EndProject
Global
	GlobalSection(SolutionConfigurationPlatforms) = preSolution
		Debug|Any CPU = Debug|Any CPU
		Release|Any CPU = Release|Any CPU
	EndGlobalSection
	GlobalSection(ProjectConfigurationPlatforms) = postSolution
		{5B65F309-4137-4603-8012-80324CA58EFB}.Debug|Any CPU.ActiveCfg = Debug|Any CPU
		{5B65F309-4137-4603-8012-80324CA58EFB}.Debug|Any CPU.Build.0 = Debug|Any CPU
		{5B65F309-4137-4603-8012-80324CA58EFB}.Release|Any CPU.ActiveCfg = Release|Any CPU
		{5B65F309-4137-4603-8012-80324CA58EFB}.Release|Any CPU.Build.0 = Release|Any CPU
	EndGlobalSection
	GlobalSection(SolutionProperties) = preSolution
		HideSolutionNode = FALSE
	EndGlobalSection
EndGlobal
